
Microsoft Visual Studio Solution File, Format Version 12.00
# Visual Studio Version 16
VisualStudioVersion = 16.0.30309.148
MinimumVisualStudioVersion = 10.0.40219.1
Project("{9A19103F-16F7-4668-BE54-9A1E7A4F7556}") = "WeekDaysCalculator", "BusinessDaysCalculator\BusinessDaysCalculator.csproj", "{9EBC1EF4-8738-42A0-B094-D6DB6DA95483}"
EndProject
Project("{FAE04EC0-301F-11D3-BF4B-00C04F79EFBC}") = "UnitTestBusinessDaysCalculator", "UnitTestBusinessDaysCalculator\UnitTestBusinessDaysCalculator.csproj", "{8F998AAA-14E1-48DA-97FA-F487C230A038}"
EndProject
Global
	GlobalSection(SolutionConfigurationPlatforms) = preSolution
		Debug|Any CPU = Debug|Any CPU
		Release|Any CPU = Release|Any CPU
	EndGlobalSection
	GlobalSection(ProjectConfigurationPlatforms) = postSolution
		{9EBC1EF4-8738-42A0-B094-D6DB6DA95483}.Debug|Any CPU.ActiveCfg = Debug|Any CPU
		{9EBC1EF4-8738-42A0-B094-D6DB6DA95483}.Debug|Any CPU.Build.0 = Debug|Any CPU
		{9EBC1EF4-8738-42A0-B094-D6DB6DA95483}.Release|Any CPU.ActiveCfg = Release|Any CPU
		{9EBC1EF4-8738-42A0-B094-D6DB6DA95483}.Release|Any CPU.Build.0 = Release|Any CPU
		{8F998AAA-14E1-48DA-97FA-F487C230A038}.Debug|Any CPU.ActiveCfg = Debug|Any CPU
		{8F998AAA-14E1-48DA-97FA-F487C230A038}.Debug|Any CPU.Build.0 = Debug|Any CPU
		{8F998AAA-14E1-48DA-97FA-F487C230A038}.Release|Any CPU.ActiveCfg = Release|Any CPU
		{8F998AAA-14E1-48DA-97FA-F487C230A038}.Release|Any CPU.Build.0 = Release|Any CPU
	EndGlobalSection
	GlobalSection(SolutionProperties) = preSolution
		HideSolutionNode = FALSE
	EndGlobalSection
	GlobalSection(ExtensibilityGlobals) = postSolution
		SolutionGuid = {F6E8CE61-FFAD-46AB-B780-7658E3E9BB2F}
	EndGlobalSection
EndGlobal
